# This file is autogenerated, do not edit; changes may be undone by the next 'dep ensure'.


[[projects]]
  digest = "1:274c42f23cccf972fed827ac3719541ddbfcbf50a6c6d932208eab4ecc6914ba"
  name = "github.com/google/gopacket"
  packages = [
    ".",
    "dumpcommand",
    "examples/util",
    "ip4defrag",
    "layers",
    "pcap",
  ]
  pruneopts = "UT"
  revision = "a6b099ece4680a8bdea84fa78166d0712108a95c"
  version = "v1.1.15"

[solve-meta]
  analyzer-name = "dep"
  analyzer-version = 1
  input-imports = [
    "github.com/google/gopacket/dumpcommand",
    "github.com/google/gopacket/examples/util",
    "github.com/google/gopacket/pcap",
  ]
  solver-name = "gps-cdcl"
  solver-version = 1
